
Microsoft Visual Studio Solution File, Format Version 12.00
# Visual Studio Version 17
VisualStudioVersion = 17.11.35222.181
MinimumVisualStudioVersion = 10.0.40219.1
Project("{FAE04EC0-301F-11D3-BF4B-00C04F79EFBC}") = "DependencyInjectionScopes.API", "DependencyInjectionScopes.API\DependencyInjectionScopes.API.csproj", "{8C0676CA-2BC9-48CB-AE68-FFD6CDCBF5F1}"
EndProject
Project("{FAE04EC0-301F-11D3-BF4B-00C04F79EFBC}") = "DependencyInjectionScopes.Service", "DependencyInjection.Service\DependencyInjectionScopes.Service.csproj", "{803DE1AB-2006-4F0F-81A5-42838DE6F164}"
EndProject
Global
	GlobalSection(SolutionConfigurationPlatforms) = preSolution
		Debug|Any CPU = Debug|Any CPU
		Release|Any CPU = Release|Any CPU
	EndGlobalSection
	GlobalSection(ProjectConfigurationPlatforms) = postSolution
		{8C0676CA-2BC9-48CB-AE68-FFD6CDCBF5F1}.Debug|Any CPU.ActiveCfg = Debug|Any CPU
		{8C0676CA-2BC9-48CB-AE68-FFD6CDCBF5F1}.Debug|Any CPU.Build.0 = Debug|Any CPU
		{8C0676CA-2BC9-48CB-AE68-FFD6CDCBF5F1}.Release|Any CPU.ActiveCfg = Release|Any CPU
		{8C0676CA-2BC9-48CB-AE68-FFD6CDCBF5F1}.Release|Any CPU.Build.0 = Release|Any CPU
		{803DE1AB-2006-4F0F-81A5-42838DE6F164}.Debug|Any CPU.ActiveCfg = Debug|Any CPU
		{803DE1AB-2006-4F0F-81A5-42838DE6F164}.Debug|Any CPU.Build.0 = Debug|Any CPU
		{803DE1AB-2006-4F0F-81A5-42838DE6F164}.Release|Any CPU.ActiveCfg = Release|Any CPU
		{803DE1AB-2006-4F0F-81A5-42838DE6F164}.Release|Any CPU.Build.0 = Release|Any CPU
	EndGlobalSection
	GlobalSection(SolutionProperties) = preSolution
		HideSolutionNode = FALSE
	EndGlobalSection
	GlobalSection(ExtensibilityGlobals) = postSolution
		SolutionGuid = {7D61E7A6-B667-4ACD-BE8A-1DC327C0588E}
	EndGlobalSection
EndGlobal
